
Microsoft Visual Studio Solution File, Format Version 12.00
# Visual Studio Version 16
VisualStudioVersion = 16.0.29025.244
MinimumVisualStudioVersion = 10.0.40219.1
Project("{FAE04EC0-301F-11D3-BF4B-00C04F79EFBC}") = "Switch_case", "Switch_case.csproj", "{64604353-B8F0-45B3-B4CE-3C2FC564F9D8}"
EndProject
Global
	GlobalSection(SolutionConfigurationPlatforms) = preSolution
		Debug|Any CPU = Debug|Any CPU
		Release|Any CPU = Release|Any CPU
	EndGlobalSection
	GlobalSection(ProjectConfigurationPlatforms) = postSolution
		{64604353-B8F0-45B3-B4CE-3C2FC564F9D8}.Debug|Any CPU.ActiveCfg = Debug|Any CPU
		{64604353-B8F0-45B3-B4CE-3C2FC564F9D8}.Debug|Any CPU.Build.0 = Debug|Any CPU
		{64604353-B8F0-45B3-B4CE-3C2FC564F9D8}.Release|Any CPU.ActiveCfg = Release|Any CPU
		{64604353-B8F0-45B3-B4CE-3C2FC564F9D8}.Release|Any CPU.Build.0 = Release|Any CPU
	EndGlobalSection
	GlobalSection(SolutionProperties) = preSolution
		HideSolutionNode = FALSE
	EndGlobalSection
	GlobalSection(ExtensibilityGlobals) = postSolution
		SolutionGuid = {C8F060C5-720D-4DDD-9CF1-3A6344E7D4A9}
	EndGlobalSection
EndGlobal
